Microsoft Visual Studio Solution File, Format Version 12.00
# Visual Studio Version 17
VisualStudioVersion = 17.5.2.0
MinimumVisualStudioVersion = 10.0.40219.1
Project("{FAE04EC0-301F-11D3-BF4B-00C04F79EFBC}") = "Subat-4.Odev", "Subat-4.Odev.csproj", "{82793926-E24B-4478-98B2-96A8AAAF0D45}"
EndProject
Global
	GlobalSection(SolutionConfigurationPlatforms) = preSolution
		Debug|Any CPU = Debug|Any CPU
		Release|Any CPU = Release|Any CPU
	EndGlobalSection
	GlobalSection(ProjectConfigurationPlatforms) = postSolution
		{82793926-E24B-4478-98B2-96A8AAAF0D45}.Debug|Any CPU.ActiveCfg = Debug|Any CPU
		{82793926-E24B-4478-98B2-96A8AAAF0D45}.Debug|Any CPU.Build.0 = Debug|Any CPU
		{82793926-E24B-4478-98B2-96A8AAAF0D45}.Release|Any CPU.ActiveCfg = Release|Any CPU
		{82793926-E24B-4478-98B2-96A8AAAF0D45}.Release|Any CPU.Build.0 = Release|Any CPU
	EndGlobalSection
	GlobalSection(SolutionProperties) = preSolution
		HideSolutionNode = FALSE
	EndGlobalSection
	GlobalSection(ExtensibilityGlobals) = postSolution
		SolutionGuid = {96D7C516-3AF7-42C0-BE7D-4F6A03D5C5DA}
	EndGlobalSection
EndGlobal
